
Microsoft Visual Studio Solution File, Format Version 12.00
# Visual Studio Version 17
VisualStudioVersion = 17.0.32002.185
MinimumVisualStudioVersion = 10.0.40219.1
Project("{FAE04EC0-301F-11D3-BF4B-00C04F79EFBC}") = "ContainerWithMostWater_000011", "ContainerWithMostWater_000011\ContainerWithMostWater_000011.csproj", "{0D62B391-08E4-4131-BBFE-11B914756DE8}"
EndProject
Global
	GlobalSection(SolutionConfigurationPlatforms) = preSolution
		Debug|Any CPU = Debug|Any CPU
		Release|Any CPU = Release|Any CPU
	EndGlobalSection
	GlobalSection(ProjectConfigurationPlatforms) = postSolution
		{0D62B391-08E4-4131-BBFE-11B914756DE8}.Debug|Any CPU.ActiveCfg = Debug|Any CPU
		{0D62B391-08E4-4131-BBFE-11B914756DE8}.Debug|Any CPU.Build.0 = Debug|Any CPU
		{0D62B391-08E4-4131-BBFE-11B914756DE8}.Release|Any CPU.ActiveCfg = Release|Any CPU
		{0D62B391-08E4-4131-BBFE-11B914756DE8}.Release|Any CPU.Build.0 = Release|Any CPU
	EndGlobalSection
	GlobalSection(SolutionProperties) = preSolution
		HideSolutionNode = FALSE
	EndGlobalSection
	GlobalSection(ExtensibilityGlobals) = postSolution
		SolutionGuid = {2940CD9B-0004-42F5-8BC5-4DAABB0A066D}
	EndGlobalSection
EndGlobal
