
Microsoft Visual Studio Solution File, Format Version 12.00
# Visual Studio Version 17
VisualStudioVersion = 17.1.32414.318
MinimumVisualStudioVersion = 10.0.40219.1
Project("{FAE04EC0-301F-11D3-BF4B-00C04F79EFBC}") = "ShortestUnsortedContinuousSubarray_000581", "ShortestUnsortedContinuousSubarray_000581\ShortestUnsortedContinuousSubarray_000581.csproj", "{06A0D7AE-157E-493D-B31A-FD41531BCEDA}"
EndProject
Global
	GlobalSection(SolutionConfigurationPlatforms) = preSolution
		Debug|Any CPU = Debug|Any CPU
		Release|Any CPU = Release|Any CPU
	EndGlobalSection
	GlobalSection(ProjectConfigurationPlatforms) = postSolution
		{06A0D7AE-157E-493D-B31A-FD41531BCEDA}.Debug|Any CPU.ActiveCfg = Debug|Any CPU
		{06A0D7AE-157E-493D-B31A-FD41531BCEDA}.Debug|Any CPU.Build.0 = Debug|Any CPU
		{06A0D7AE-157E-493D-B31A-FD41531BCEDA}.Release|Any CPU.ActiveCfg = Release|Any CPU
		{06A0D7AE-157E-493D-B31A-FD41531BCEDA}.Release|Any CPU.Build.0 = Release|Any CPU
	EndGlobalSection
	GlobalSection(SolutionProperties) = preSolution
		HideSolutionNode = FALSE
	EndGlobalSection
	GlobalSection(ExtensibilityGlobals) = postSolution
		SolutionGuid = {98D0489A-18EF-4F3A-A98E-AC88262A1B63}
	EndGlobalSection
EndGlobal
