
Microsoft Visual Studio Solution File, Format Version 12.00
# Visual Studio Version 17
VisualStudioVersion = 17.1.32414.318
MinimumVisualStudioVersion = 10.0.40219.1
Project("{FAE04EC0-301F-11D3-BF4B-00C04F79EFBC}") = "NetworkDelayTime_000743", "NetworkDelayTime_000743\NetworkDelayTime_000743.csproj", "{ECB12078-3488-49B9-91ED-0CA0FF53DCD7}"
EndProject
Global
	GlobalSection(SolutionConfigurationPlatforms) = preSolution
		Debug|Any CPU = Debug|Any CPU
		Release|Any CPU = Release|Any CPU
	EndGlobalSection
	GlobalSection(ProjectConfigurationPlatforms) = postSolution
		{ECB12078-3488-49B9-91ED-0CA0FF53DCD7}.Debug|Any CPU.ActiveCfg = Debug|Any CPU
		{ECB12078-3488-49B9-91ED-0CA0FF53DCD7}.Debug|Any CPU.Build.0 = Debug|Any CPU
		{ECB12078-3488-49B9-91ED-0CA0FF53DCD7}.Release|Any CPU.ActiveCfg = Release|Any CPU
		{ECB12078-3488-49B9-91ED-0CA0FF53DCD7}.Release|Any CPU.Build.0 = Release|Any CPU
	EndGlobalSection
	GlobalSection(SolutionProperties) = preSolution
		HideSolutionNode = FALSE
	EndGlobalSection
	GlobalSection(ExtensibilityGlobals) = postSolution
		SolutionGuid = {DD2A4D77-0FD7-479B-9366-B2D22334DDE8}
	EndGlobalSection
EndGlobal
