
Microsoft Visual Studio Solution File, Format Version 12.00
# Visual Studio Version 17
VisualStudioVersion = 17.2.32516.85
MinimumVisualStudioVersion = 10.0.40219.1
Project("{FAE04EC0-301F-11D3-BF4B-00C04F79EFBC}") = "RunningSumOf1dArray_001480", "RunningSumOf1dArray_001480\RunningSumOf1dArray_001480.csproj", "{73AFD3AC-FFF1-463F-8D27-044E643A4B90}"
EndProject
Global
	GlobalSection(SolutionConfigurationPlatforms) = preSolution
		Debug|Any CPU = Debug|Any CPU
		Release|Any CPU = Release|Any CPU
	EndGlobalSection
	GlobalSection(ProjectConfigurationPlatforms) = postSolution
		{73AFD3AC-FFF1-463F-8D27-044E643A4B90}.Debug|Any CPU.ActiveCfg = Debug|Any CPU
		{73AFD3AC-FFF1-463F-8D27-044E643A4B90}.Debug|Any CPU.Build.0 = Debug|Any CPU
		{73AFD3AC-FFF1-463F-8D27-044E643A4B90}.Release|Any CPU.ActiveCfg = Release|Any CPU
		{73AFD3AC-FFF1-463F-8D27-044E643A4B90}.Release|Any CPU.Build.0 = Release|Any CPU
	EndGlobalSection
	GlobalSection(SolutionProperties) = preSolution
		HideSolutionNode = FALSE
	EndGlobalSection
	GlobalSection(ExtensibilityGlobals) = postSolution
		SolutionGuid = {2804A3B8-2E77-49B1-ADF9-19E5C73A4D87}
	EndGlobalSection
EndGlobal
