
Microsoft Visual Studio Solution File, Format Version 12.00
# Visual Studio Version 17
VisualStudioVersion = 17.1.32414.318
MinimumVisualStudioVersion = 10.0.40219.1
Project("{FAE04EC0-301F-11D3-BF4B-00C04F79EFBC}") = "ShortestPathInBinaryMatrix_001091", "ShortestPathInBinaryMatrix_001091\ShortestPathInBinaryMatrix_001091.csproj", "{876EDAF2-F53B-4364-8C16-DB14B5627C1C}"
EndProject
Global
	GlobalSection(SolutionConfigurationPlatforms) = preSolution
		Debug|Any CPU = Debug|Any CPU
		Release|Any CPU = Release|Any CPU
	EndGlobalSection
	GlobalSection(ProjectConfigurationPlatforms) = postSolution
		{876EDAF2-F53B-4364-8C16-DB14B5627C1C}.Debug|Any CPU.ActiveCfg = Debug|Any CPU
		{876EDAF2-F53B-4364-8C16-DB14B5627C1C}.Debug|Any CPU.Build.0 = Debug|Any CPU
		{876EDAF2-F53B-4364-8C16-DB14B5627C1C}.Release|Any CPU.ActiveCfg = Release|Any CPU
		{876EDAF2-F53B-4364-8C16-DB14B5627C1C}.Release|Any CPU.Build.0 = Release|Any CPU
	EndGlobalSection
	GlobalSection(SolutionProperties) = preSolution
		HideSolutionNode = FALSE
	EndGlobalSection
	GlobalSection(ExtensibilityGlobals) = postSolution
		SolutionGuid = {F0F39D1A-8B3B-44D6-B00F-BE784632E319}
	EndGlobalSection
EndGlobal
