
Microsoft Visual Studio Solution File, Format Version 12.00
# Visual Studio Version 17
VisualStudioVersion = 17.1.32414.318
MinimumVisualStudioVersion = 10.0.40219.1
Project("{FAE04EC0-301F-11D3-BF4B-00C04F79EFBC}") = "SortArrayByParity_000905", "SortArrayByParity_000905\SortArrayByParity_000905.csproj", "{7B665A33-882A-4657-A4C0-800176044969}"
EndProject
Global
	GlobalSection(SolutionConfigurationPlatforms) = preSolution
		Debug|Any CPU = Debug|Any CPU
		Release|Any CPU = Release|Any CPU
	EndGlobalSection
	GlobalSection(ProjectConfigurationPlatforms) = postSolution
		{7B665A33-882A-4657-A4C0-800176044969}.Debug|Any CPU.ActiveCfg = Debug|Any CPU
		{7B665A33-882A-4657-A4C0-800176044969}.Debug|Any CPU.Build.0 = Debug|Any CPU
		{7B665A33-882A-4657-A4C0-800176044969}.Release|Any CPU.ActiveCfg = Release|Any CPU
		{7B665A33-882A-4657-A4C0-800176044969}.Release|Any CPU.Build.0 = Release|Any CPU
	EndGlobalSection
	GlobalSection(SolutionProperties) = preSolution
		HideSolutionNode = FALSE
	EndGlobalSection
	GlobalSection(ExtensibilityGlobals) = postSolution
		SolutionGuid = {4CD3CD91-82A5-4E35-B1B5-472C658FD562}
	EndGlobalSection
EndGlobal
