
Microsoft Visual Studio Solution File, Format Version 12.00
# Visual Studio Version 17
VisualStudioVersion = 17.0.32002.185
MinimumVisualStudioVersion = 10.0.40219.1
Project("{FAE04EC0-301F-11D3-BF4B-00C04F79EFBC}") = "KthLargestElementInAStream_000703", "KthLargestElementInAStream_000703\KthLargestElementInAStream_000703.csproj", "{236B437D-2D2A-49B0-A895-C6A388665F0D}"
EndProject
Global
	GlobalSection(SolutionConfigurationPlatforms) = preSolution
		Debug|Any CPU = Debug|Any CPU
		Release|Any CPU = Release|Any CPU
	EndGlobalSection
	GlobalSection(ProjectConfigurationPlatforms) = postSolution
		{236B437D-2D2A-49B0-A895-C6A388665F0D}.Debug|Any CPU.ActiveCfg = Debug|Any CPU
		{236B437D-2D2A-49B0-A895-C6A388665F0D}.Debug|Any CPU.Build.0 = Debug|Any CPU
		{236B437D-2D2A-49B0-A895-C6A388665F0D}.Release|Any CPU.ActiveCfg = Release|Any CPU
		{236B437D-2D2A-49B0-A895-C6A388665F0D}.Release|Any CPU.Build.0 = Release|Any CPU
	EndGlobalSection
	GlobalSection(SolutionProperties) = preSolution
		HideSolutionNode = FALSE
	EndGlobalSection
	GlobalSection(ExtensibilityGlobals) = postSolution
		SolutionGuid = {FCFB164F-F2B8-4F06-8EC6-1043D5E49A09}
	EndGlobalSection
EndGlobal
