
Microsoft Visual Studio Solution File, Format Version 12.00
# Visual Studio Version 17
VisualStudioVersion = 17.2.32516.85
MinimumVisualStudioVersion = 10.0.40219.1
Project("{FAE04EC0-301F-11D3-BF4B-00C04F79EFBC}") = "N-Queens2_000052", "N-Queens2_000052\N-Queens2_000052.csproj", "{09613646-5769-4497-AD8D-4F0D9F78C782}"
EndProject
Global
	GlobalSection(SolutionConfigurationPlatforms) = preSolution
		Debug|Any CPU = Debug|Any CPU
		Release|Any CPU = Release|Any CPU
	EndGlobalSection
	GlobalSection(ProjectConfigurationPlatforms) = postSolution
		{09613646-5769-4497-AD8D-4F0D9F78C782}.Debug|Any CPU.ActiveCfg = Debug|Any CPU
		{09613646-5769-4497-AD8D-4F0D9F78C782}.Debug|Any CPU.Build.0 = Debug|Any CPU
		{09613646-5769-4497-AD8D-4F0D9F78C782}.Release|Any CPU.ActiveCfg = Release|Any CPU
		{09613646-5769-4497-AD8D-4F0D9F78C782}.Release|Any CPU.Build.0 = Release|Any CPU
	EndGlobalSection
	GlobalSection(SolutionProperties) = preSolution
		HideSolutionNode = FALSE
	EndGlobalSection
	GlobalSection(ExtensibilityGlobals) = postSolution
		SolutionGuid = {D7A55FDE-0B40-4647-B13A-5AD3AB760E36}
	EndGlobalSection
EndGlobal
