
Microsoft Visual Studio Solution File, Format Version 12.00
# Visual Studio Version 17
VisualStudioVersion = 17.0.32002.185
MinimumVisualStudioVersion = 10.0.40219.1
Project("{FAE04EC0-301F-11D3-BF4B-00C04F79EFBC}") = "BaseballGame_000682", "BaseballGame_000682\BaseballGame_000682.csproj", "{A6405E1C-617F-4689-805D-6786927C3E48}"
EndProject
Global
	GlobalSection(SolutionConfigurationPlatforms) = preSolution
		Debug|Any CPU = Debug|Any CPU
		Release|Any CPU = Release|Any CPU
	EndGlobalSection
	GlobalSection(ProjectConfigurationPlatforms) = postSolution
		{A6405E1C-617F-4689-805D-6786927C3E48}.Debug|Any CPU.ActiveCfg = Debug|Any CPU
		{A6405E1C-617F-4689-805D-6786927C3E48}.Debug|Any CPU.Build.0 = Debug|Any CPU
		{A6405E1C-617F-4689-805D-6786927C3E48}.Release|Any CPU.ActiveCfg = Release|Any CPU
		{A6405E1C-617F-4689-805D-6786927C3E48}.Release|Any CPU.Build.0 = Release|Any CPU
	EndGlobalSection
	GlobalSection(SolutionProperties) = preSolution
		HideSolutionNode = FALSE
	EndGlobalSection
	GlobalSection(ExtensibilityGlobals) = postSolution
		SolutionGuid = {36739F8E-7AEF-413B-B13F-6F33C617D995}
	EndGlobalSection
EndGlobal
