
Microsoft Visual Studio Solution File, Format Version 12.00
# Visual Studio Version 17
VisualStudioVersion = 17.0.32002.185
MinimumVisualStudioVersion = 10.0.40219.1
Project("{FAE04EC0-301F-11D3-BF4B-00C04F79EFBC}") = "3SumWithMultiplicity_000923", "3SumWithMultiplicity_000923\3SumWithMultiplicity_000923.csproj", "{59480C12-2BFE-4A7D-9F1D-B6AA4244797A}"
EndProject
Global
	GlobalSection(SolutionConfigurationPlatforms) = preSolution
		Debug|Any CPU = Debug|Any CPU
		Release|Any CPU = Release|Any CPU
	EndGlobalSection
	GlobalSection(ProjectConfigurationPlatforms) = postSolution
		{59480C12-2BFE-4A7D-9F1D-B6AA4244797A}.Debug|Any CPU.ActiveCfg = Debug|Any CPU
		{59480C12-2BFE-4A7D-9F1D-B6AA4244797A}.Debug|Any CPU.Build.0 = Debug|Any CPU
		{59480C12-2BFE-4A7D-9F1D-B6AA4244797A}.Release|Any CPU.ActiveCfg = Release|Any CPU
		{59480C12-2BFE-4A7D-9F1D-B6AA4244797A}.Release|Any CPU.Build.0 = Release|Any CPU
	EndGlobalSection
	GlobalSection(SolutionProperties) = preSolution
		HideSolutionNode = FALSE
	EndGlobalSection
	GlobalSection(ExtensibilityGlobals) = postSolution
		SolutionGuid = {E27A9981-DA9C-4FAF-B035-B06C9909E425}
	EndGlobalSection
EndGlobal
