
Microsoft Visual Studio Solution File, Format Version 12.00
# Visual Studio Version 17
VisualStudioVersion = 17.2.32516.85
MinimumVisualStudioVersion = 10.0.40219.1
Project("{FAE04EC0-301F-11D3-BF4B-00C04F79EFBC}") = "DivideTwoIntegers_000029", "DivideTwoIntegers_000029\DivideTwoIntegers_000029.csproj", "{50691202-34F2-4EB3-8B52-1026B43FAF3A}"
EndProject
Global
	GlobalSection(SolutionConfigurationPlatforms) = preSolution
		Debug|Any CPU = Debug|Any CPU
		Release|Any CPU = Release|Any CPU
	EndGlobalSection
	GlobalSection(ProjectConfigurationPlatforms) = postSolution
		{50691202-34F2-4EB3-8B52-1026B43FAF3A}.Debug|Any CPU.ActiveCfg = Debug|Any CPU
		{50691202-34F2-4EB3-8B52-1026B43FAF3A}.Debug|Any CPU.Build.0 = Debug|Any CPU
		{50691202-34F2-4EB3-8B52-1026B43FAF3A}.Release|Any CPU.ActiveCfg = Release|Any CPU
		{50691202-34F2-4EB3-8B52-1026B43FAF3A}.Release|Any CPU.Build.0 = Release|Any CPU
	EndGlobalSection
	GlobalSection(SolutionProperties) = preSolution
		HideSolutionNode = FALSE
	EndGlobalSection
	GlobalSection(ExtensibilityGlobals) = postSolution
		SolutionGuid = {20665369-C3A4-4633-97AD-6B43D1EF5761}
	EndGlobalSection
EndGlobal
