
Microsoft Visual Studio Solution File, Format Version 12.00
# Visual Studio Version 17
VisualStudioVersion = 17.0.32002.185
MinimumVisualStudioVersion = 10.0.40219.1
Project("{FAE04EC0-301F-11D3-BF4B-00C04F79EFBC}") = "IncreasingOrderSearchTree_000897", "IncreasingOrderSearchTree_000897\IncreasingOrderSearchTree_000897.csproj", "{B589DC62-3AA2-4F41-BF0A-01B40D9DB66E}"
EndProject
Global
	GlobalSection(SolutionConfigurationPlatforms) = preSolution
		Debug|Any CPU = Debug|Any CPU
		Release|Any CPU = Release|Any CPU
	EndGlobalSection
	GlobalSection(ProjectConfigurationPlatforms) = postSolution
		{B589DC62-3AA2-4F41-BF0A-01B40D9DB66E}.Debug|Any CPU.ActiveCfg = Debug|Any CPU
		{B589DC62-3AA2-4F41-BF0A-01B40D9DB66E}.Debug|Any CPU.Build.0 = Debug|Any CPU
		{B589DC62-3AA2-4F41-BF0A-01B40D9DB66E}.Release|Any CPU.ActiveCfg = Release|Any CPU
		{B589DC62-3AA2-4F41-BF0A-01B40D9DB66E}.Release|Any CPU.Build.0 = Release|Any CPU
	EndGlobalSection
	GlobalSection(SolutionProperties) = preSolution
		HideSolutionNode = FALSE
	EndGlobalSection
	GlobalSection(ExtensibilityGlobals) = postSolution
		SolutionGuid = {AA658F2D-8332-4731-A592-153FE3608A94}
	EndGlobalSection
EndGlobal
