
Microsoft Visual Studio Solution File, Format Version 12.00
# Visual Studio Version 17
VisualStudioVersion = 17.1.32414.318
MinimumVisualStudioVersion = 10.0.40219.1
Project("{FAE04EC0-301F-11D3-BF4B-00C04F79EFBC}") = "DeepestLeavesSum_001302", "DeepestLeavesSum_001302\DeepestLeavesSum_001302.csproj", "{FACFD9BA-3FC1-4417-AE40-0D0BE37687F8}"
EndProject
Global
	GlobalSection(SolutionConfigurationPlatforms) = preSolution
		Debug|Any CPU = Debug|Any CPU
		Release|Any CPU = Release|Any CPU
	EndGlobalSection
	GlobalSection(ProjectConfigurationPlatforms) = postSolution
		{FACFD9BA-3FC1-4417-AE40-0D0BE37687F8}.Debug|Any CPU.ActiveCfg = Debug|Any CPU
		{FACFD9BA-3FC1-4417-AE40-0D0BE37687F8}.Debug|Any CPU.Build.0 = Debug|Any CPU
		{FACFD9BA-3FC1-4417-AE40-0D0BE37687F8}.Release|Any CPU.ActiveCfg = Release|Any CPU
		{FACFD9BA-3FC1-4417-AE40-0D0BE37687F8}.Release|Any CPU.Build.0 = Release|Any CPU
	EndGlobalSection
	GlobalSection(SolutionProperties) = preSolution
		HideSolutionNode = FALSE
	EndGlobalSection
	GlobalSection(ExtensibilityGlobals) = postSolution
		SolutionGuid = {BB461ECB-3504-4641-9570-40AD86DDA20C}
	EndGlobalSection
EndGlobal
