
Microsoft Visual Studio Solution File, Format Version 12.00
# Visual Studio Version 17
VisualStudioVersion = 17.0.32002.185
MinimumVisualStudioVersion = 10.0.40219.1
Project("{FAE04EC0-301F-11D3-BF4B-00C04F79EFBC}") = "TopKFrequentElements_000347", "TopKFrequentElements_000347\TopKFrequentElements_000347.csproj", "{240CAA78-E283-4C4A-A693-115DB9A6EE72}"
EndProject
Global
	GlobalSection(SolutionConfigurationPlatforms) = preSolution
		Debug|Any CPU = Debug|Any CPU
		Release|Any CPU = Release|Any CPU
	EndGlobalSection
	GlobalSection(ProjectConfigurationPlatforms) = postSolution
		{240CAA78-E283-4C4A-A693-115DB9A6EE72}.Debug|Any CPU.ActiveCfg = Debug|Any CPU
		{240CAA78-E283-4C4A-A693-115DB9A6EE72}.Debug|Any CPU.Build.0 = Debug|Any CPU
		{240CAA78-E283-4C4A-A693-115DB9A6EE72}.Release|Any CPU.ActiveCfg = Release|Any CPU
		{240CAA78-E283-4C4A-A693-115DB9A6EE72}.Release|Any CPU.Build.0 = Release|Any CPU
	EndGlobalSection
	GlobalSection(SolutionProperties) = preSolution
		HideSolutionNode = FALSE
	EndGlobalSection
	GlobalSection(ExtensibilityGlobals) = postSolution
		SolutionGuid = {4A5FCF9F-F9A2-4F88-A7C5-FA92F59072D1}
	EndGlobalSection
EndGlobal
