
Microsoft Visual Studio Solution File, Format Version 12.00
# Visual Studio Version 17
VisualStudioVersion = 17.1.32414.318
MinimumVisualStudioVersion = 10.0.40219.1
Project("{FAE04EC0-301F-11D3-BF4B-00C04F79EFBC}") = "FlattenNestedListIterator_000341", "FlattenNestedListIterator_000341\FlattenNestedListIterator_000341.csproj", "{1DF74DD0-BA70-4003-98E7-02AF6E51C288}"
EndProject
Global
	GlobalSection(SolutionConfigurationPlatforms) = preSolution
		Debug|Any CPU = Debug|Any CPU
		Release|Any CPU = Release|Any CPU
	EndGlobalSection
	GlobalSection(ProjectConfigurationPlatforms) = postSolution
		{1DF74DD0-BA70-4003-98E7-02AF6E51C288}.Debug|Any CPU.ActiveCfg = Debug|Any CPU
		{1DF74DD0-BA70-4003-98E7-02AF6E51C288}.Debug|Any CPU.Build.0 = Debug|Any CPU
		{1DF74DD0-BA70-4003-98E7-02AF6E51C288}.Release|Any CPU.ActiveCfg = Release|Any CPU
		{1DF74DD0-BA70-4003-98E7-02AF6E51C288}.Release|Any CPU.Build.0 = Release|Any CPU
	EndGlobalSection
	GlobalSection(SolutionProperties) = preSolution
		HideSolutionNode = FALSE
	EndGlobalSection
	GlobalSection(ExtensibilityGlobals) = postSolution
		SolutionGuid = {5FC91090-30A3-4503-94B0-8FAE33EE80E8}
	EndGlobalSection
EndGlobal
