
Microsoft Visual Studio Solution File, Format Version 12.00
# Visual Studio Version 17
VisualStudioVersion = 17.0.32002.185
MinimumVisualStudioVersion = 10.0.40219.1
Project("{FAE04EC0-301F-11D3-BF4B-00C04F79EFBC}") = "DesignHashSet_000705", "DesignHashSet_000705\DesignHashSet_000705.csproj", "{5CDEFAB1-726B-4D51-86F0-FFF14011F4B3}"
EndProject
Global
	GlobalSection(SolutionConfigurationPlatforms) = preSolution
		Debug|Any CPU = Debug|Any CPU
		Release|Any CPU = Release|Any CPU
	EndGlobalSection
	GlobalSection(ProjectConfigurationPlatforms) = postSolution
		{5CDEFAB1-726B-4D51-86F0-FFF14011F4B3}.Debug|Any CPU.ActiveCfg = Debug|Any CPU
		{5CDEFAB1-726B-4D51-86F0-FFF14011F4B3}.Debug|Any CPU.Build.0 = Debug|Any CPU
		{5CDEFAB1-726B-4D51-86F0-FFF14011F4B3}.Release|Any CPU.ActiveCfg = Release|Any CPU
		{5CDEFAB1-726B-4D51-86F0-FFF14011F4B3}.Release|Any CPU.Build.0 = Release|Any CPU
	EndGlobalSection
	GlobalSection(SolutionProperties) = preSolution
		HideSolutionNode = FALSE
	EndGlobalSection
	GlobalSection(ExtensibilityGlobals) = postSolution
		SolutionGuid = {086F6EE1-F0AC-44F6-BE75-CC72A47BFB31}
	EndGlobalSection
EndGlobal
