
Microsoft Visual Studio Solution File, Format Version 12.00
# Visual Studio Version 17
VisualStudioVersion = 17.0.32002.185
MinimumVisualStudioVersion = 10.0.40219.1
Project("{FAE04EC0-301F-11D3-BF4B-00C04F79EFBC}") = "TrimABinarySearchTree_000669", "TrimABinarySearchTree_000669\TrimABinarySearchTree_000669.csproj", "{89FB9B98-2146-4CD9-B090-C18A7FA25BB0}"
EndProject
Global
	GlobalSection(SolutionConfigurationPlatforms) = preSolution
		Debug|Any CPU = Debug|Any CPU
		Release|Any CPU = Release|Any CPU
	EndGlobalSection
	GlobalSection(ProjectConfigurationPlatforms) = postSolution
		{89FB9B98-2146-4CD9-B090-C18A7FA25BB0}.Debug|Any CPU.ActiveCfg = Debug|Any CPU
		{89FB9B98-2146-4CD9-B090-C18A7FA25BB0}.Debug|Any CPU.Build.0 = Debug|Any CPU
		{89FB9B98-2146-4CD9-B090-C18A7FA25BB0}.Release|Any CPU.ActiveCfg = Release|Any CPU
		{89FB9B98-2146-4CD9-B090-C18A7FA25BB0}.Release|Any CPU.Build.0 = Release|Any CPU
	EndGlobalSection
	GlobalSection(SolutionProperties) = preSolution
		HideSolutionNode = FALSE
	EndGlobalSection
	GlobalSection(ExtensibilityGlobals) = postSolution
		SolutionGuid = {A2D13CC1-ADC5-4C52-A85C-ADB3F0A1FE0F}
	EndGlobalSection
EndGlobal
