
Microsoft Visual Studio Solution File, Format Version 12.00
# Visual Studio Version 17
VisualStudioVersion = 17.2.32516.85
MinimumVisualStudioVersion = 10.0.40219.1
Project("{FAE04EC0-301F-11D3-BF4B-00C04F79EFBC}") = "MergeSortedArray_000088", "MergeSortedArray_000088\MergeSortedArray_000088.csproj", "{70D468F3-8ABD-4CCA-B209-35485B52E479}"
EndProject
Global
	GlobalSection(SolutionConfigurationPlatforms) = preSolution
		Debug|Any CPU = Debug|Any CPU
		Release|Any CPU = Release|Any CPU
	EndGlobalSection
	GlobalSection(ProjectConfigurationPlatforms) = postSolution
		{70D468F3-8ABD-4CCA-B209-35485B52E479}.Debug|Any CPU.ActiveCfg = Debug|Any CPU
		{70D468F3-8ABD-4CCA-B209-35485B52E479}.Debug|Any CPU.Build.0 = Debug|Any CPU
		{70D468F3-8ABD-4CCA-B209-35485B52E479}.Release|Any CPU.ActiveCfg = Release|Any CPU
		{70D468F3-8ABD-4CCA-B209-35485B52E479}.Release|Any CPU.Build.0 = Release|Any CPU
	EndGlobalSection
	GlobalSection(SolutionProperties) = preSolution
		HideSolutionNode = FALSE
	EndGlobalSection
	GlobalSection(ExtensibilityGlobals) = postSolution
		SolutionGuid = {5FAF76A2-11CD-4977-B1E7-95AD98BF9C7F}
	EndGlobalSection
EndGlobal
