
Microsoft Visual Studio Solution File, Format Version 12.00
# Visual Studio Version 17
VisualStudioVersion = 17.2.32516.85
MinimumVisualStudioVersion = 10.0.40219.1
Project("{FAE04EC0-301F-11D3-BF4B-00C04F79EFBC}") = "RangeSumQuery2dImmutable_000304", "RangeSumQuery2dImmutable_000304\RangeSumQuery2dImmutable_000304.csproj", "{6407D9FC-13ED-4C78-9C0B-3DA7676C1CAE}"
EndProject
Global
	GlobalSection(SolutionConfigurationPlatforms) = preSolution
		Debug|Any CPU = Debug|Any CPU
		Release|Any CPU = Release|Any CPU
	EndGlobalSection
	GlobalSection(ProjectConfigurationPlatforms) = postSolution
		{6407D9FC-13ED-4C78-9C0B-3DA7676C1CAE}.Debug|Any CPU.ActiveCfg = Debug|Any CPU
		{6407D9FC-13ED-4C78-9C0B-3DA7676C1CAE}.Debug|Any CPU.Build.0 = Debug|Any CPU
		{6407D9FC-13ED-4C78-9C0B-3DA7676C1CAE}.Release|Any CPU.ActiveCfg = Release|Any CPU
		{6407D9FC-13ED-4C78-9C0B-3DA7676C1CAE}.Release|Any CPU.Build.0 = Release|Any CPU
	EndGlobalSection
	GlobalSection(SolutionProperties) = preSolution
		HideSolutionNode = FALSE
	EndGlobalSection
	GlobalSection(ExtensibilityGlobals) = postSolution
		SolutionGuid = {0175AFB5-E0EA-4510-8358-403CE18A6621}
	EndGlobalSection
EndGlobal
