
Microsoft Visual Studio Solution File, Format Version 12.00
# Visual Studio Version 17
VisualStudioVersion = 17.2.32516.85
MinimumVisualStudioVersion = 10.0.40219.1
Project("{FAE04EC0-301F-11D3-BF4B-00C04F79EFBC}") = "CheckIfAStringContainsAllBinaryCodesOfSizeK_001461", "CheckIfAStringContainsAllBinaryCodesOfSizeK_001461\CheckIfAStringContainsAllBinaryCodesOfSizeK_001461.csproj", "{185AB6E5-520F-4D86-8225-354CB10A804A}"
EndProject
Global
	GlobalSection(SolutionConfigurationPlatforms) = preSolution
		Debug|Any CPU = Debug|Any CPU
		Release|Any CPU = Release|Any CPU
	EndGlobalSection
	GlobalSection(ProjectConfigurationPlatforms) = postSolution
		{185AB6E5-520F-4D86-8225-354CB10A804A}.Debug|Any CPU.ActiveCfg = Debug|Any CPU
		{185AB6E5-520F-4D86-8225-354CB10A804A}.Debug|Any CPU.Build.0 = Debug|Any CPU
		{185AB6E5-520F-4D86-8225-354CB10A804A}.Release|Any CPU.ActiveCfg = Release|Any CPU
		{185AB6E5-520F-4D86-8225-354CB10A804A}.Release|Any CPU.Build.0 = Release|Any CPU
	EndGlobalSection
	GlobalSection(SolutionProperties) = preSolution
		HideSolutionNode = FALSE
	EndGlobalSection
	GlobalSection(ExtensibilityGlobals) = postSolution
		SolutionGuid = {59CC9776-1AAB-4A3B-A12A-1D4F03E42D2A}
	EndGlobalSection
EndGlobal
