
Microsoft Visual Studio Solution File, Format Version 12.00
# Visual Studio Version 17
VisualStudioVersion = 17.1.32414.318
MinimumVisualStudioVersion = 10.0.40219.1
Project("{FAE04EC0-301F-11D3-BF4B-00C04F79EFBC}") = "132Pattern_000456", "132Pattern_000456\132Pattern_000456.csproj", "{67E16C84-2B3D-423A-A523-C5AAD751C082}"
EndProject
Global
	GlobalSection(SolutionConfigurationPlatforms) = preSolution
		Debug|Any CPU = Debug|Any CPU
		Release|Any CPU = Release|Any CPU
	EndGlobalSection
	GlobalSection(ProjectConfigurationPlatforms) = postSolution
		{67E16C84-2B3D-423A-A523-C5AAD751C082}.Debug|Any CPU.ActiveCfg = Debug|Any CPU
		{67E16C84-2B3D-423A-A523-C5AAD751C082}.Debug|Any CPU.Build.0 = Debug|Any CPU
		{67E16C84-2B3D-423A-A523-C5AAD751C082}.Release|Any CPU.ActiveCfg = Release|Any CPU
		{67E16C84-2B3D-423A-A523-C5AAD751C082}.Release|Any CPU.Build.0 = Release|Any CPU
	EndGlobalSection
	GlobalSection(SolutionProperties) = preSolution
		HideSolutionNode = FALSE
	EndGlobalSection
	GlobalSection(ExtensibilityGlobals) = postSolution
		SolutionGuid = {FCCC33DC-2104-4A22-97F5-D9608F4E6DDD}
	EndGlobalSection
EndGlobal
